
Microsoft Visual Studio Solution File, Format Version 12.00
# Visual Studio Version 16
VisualStudioVersion = 16.0.33529.622
MinimumVisualStudioVersion = 10.0.40219.1
Project("{FAE04EC0-301F-11D3-BF4B-00C04F79EFBC}") = "ejemplo1", "ejemplo1\ejemplo1.csproj", "{41E16507-9684-46C9-BE51-44449AF2F40E}"
EndProject
Global
	GlobalSection(SolutionConfigurationPlatforms) = preSolution
		Debug|Any CPU = Debug|Any CPU
		Release|Any CPU = Release|Any CPU
	EndGlobalSection
	GlobalSection(ProjectConfigurationPlatforms) = postSolution
		{41E16507-9684-46C9-BE51-44449AF2F40E}.Debug|Any CPU.ActiveCfg = Debug|Any CPU
		{41E16507-9684-46C9-BE51-44449AF2F40E}.Debug|Any CPU.Build.0 = Debug|Any CPU
		{41E16507-9684-46C9-BE51-44449AF2F40E}.Release|Any CPU.ActiveCfg = Release|Any CPU
		{41E16507-9684-46C9-BE51-44449AF2F40E}.Release|Any CPU.Build.0 = Release|Any CPU
	EndGlobalSection
	GlobalSection(SolutionProperties) = preSolution
		HideSolutionNode = FALSE
	EndGlobalSection
	GlobalSection(ExtensibilityGlobals) = postSolution
		SolutionGuid = {F0D8545E-F6EA-4EDD-A6DA-5D02D8646EBA}
	EndGlobalSection
EndGlobal
